
Microsoft Visual Studio Solution File, Format Version 12.00
# Visual Studio 15
VisualStudioVersion = 15.0.26124.0
MinimumVisualStudioVersion = 15.0.26124.0
Project("{FAE04EC0-301F-11D3-BF4B-00C04F79EFBC}") = "EPWDemo.App", "EPWDemo.App\EPWDemo.App.csproj", "{FD752BA0-6E9F-49A6-9EEF-F9E8BEEC5B47}"
EndProject
Project("{FAE04EC0-301F-11D3-BF4B-00C04F79EFBC}") = "EPWDemo.EPWReader", "EPWDemo.EPWReader\EPWDemo.EPWReader.csproj", "{1AF6EE1C-6395-4C61-BEDA-81C964E7F189}"
EndProject
Project("{FAE04EC0-301F-11D3-BF4B-00C04F79EFBC}") = "EPWDemo.Server", "EPWDemo.Server\EPWDemo.Server.csproj", "{7628C1E6-DCB2-4227-A2BD-EE612CBA40EA}"
EndProject
Global
	GlobalSection(SolutionConfigurationPlatforms) = preSolution
		Debug|Any CPU = Debug|Any CPU
		Debug|x64 = Debug|x64
		Debug|x86 = Debug|x86
		Release|Any CPU = Release|Any CPU
		Release|x64 = Release|x64
		Release|x86 = Release|x86
	EndGlobalSection
	GlobalSection(SolutionProperties) = preSolution
		HideSolutionNode = FALSE
	EndGlobalSection
	GlobalSection(ProjectConfigurationPlatforms) = postSolution
		{FD752BA0-6E9F-49A6-9EEF-F9E8BEEC5B47}.Debug|Any CPU.ActiveCfg = Debug|Any CPU
		{FD752BA0-6E9F-49A6-9EEF-F9E8BEEC5B47}.Debug|Any CPU.Build.0 = Debug|Any CPU
		{FD752BA0-6E9F-49A6-9EEF-F9E8BEEC5B47}.Debug|x64.ActiveCfg = Debug|Any CPU
		{FD752BA0-6E9F-49A6-9EEF-F9E8BEEC5B47}.Debug|x64.Build.0 = Debug|Any CPU
		{FD752BA0-6E9F-49A6-9EEF-F9E8BEEC5B47}.Debug|x86.ActiveCfg = Debug|Any CPU
		{FD752BA0-6E9F-49A6-9EEF-F9E8BEEC5B47}.Debug|x86.Build.0 = Debug|Any CPU
		{FD752BA0-6E9F-49A6-9EEF-F9E8BEEC5B47}.Release|Any CPU.ActiveCfg = Release|Any CPU
		{FD752BA0-6E9F-49A6-9EEF-F9E8BEEC5B47}.Release|Any CPU.Build.0 = Release|Any CPU
		{FD752BA0-6E9F-49A6-9EEF-F9E8BEEC5B47}.Release|x64.ActiveCfg = Release|Any CPU
		{FD752BA0-6E9F-49A6-9EEF-F9E8BEEC5B47}.Release|x64.Build.0 = Release|Any CPU
		{FD752BA0-6E9F-49A6-9EEF-F9E8BEEC5B47}.Release|x86.ActiveCfg = Release|Any CPU
		{FD752BA0-6E9F-49A6-9EEF-F9E8BEEC5B47}.Release|x86.Build.0 = Release|Any CPU
		{1AF6EE1C-6395-4C61-BEDA-81C964E7F189}.Debug|Any CPU.ActiveCfg = Debug|Any CPU
		{1AF6EE1C-6395-4C61-BEDA-81C964E7F189}.Debug|Any CPU.Build.0 = Debug|Any CPU
		{1AF6EE1C-6395-4C61-BEDA-81C964E7F189}.Debug|x64.ActiveCfg = Debug|Any CPU
		{1AF6EE1C-6395-4C61-BEDA-81C964E7F189}.Debug|x64.Build.0 = Debug|Any CPU
		{1AF6EE1C-6395-4C61-BEDA-81C964E7F189}.Debug|x86.ActiveCfg = Debug|Any CPU
		{1AF6EE1C-6395-4C61-BEDA-81C964E7F189}.Debug|x86.Build.0 = Debug|Any CPU
		{1AF6EE1C-6395-4C61-BEDA-81C964E7F189}.Release|Any CPU.ActiveCfg = Release|Any CPU
		{1AF6EE1C-6395-4C61-BEDA-81C964E7F189}.Release|Any CPU.Build.0 = Release|Any CPU
		{1AF6EE1C-6395-4C61-BEDA-81C964E7F189}.Release|x64.ActiveCfg = Release|Any CPU
		{1AF6EE1C-6395-4C61-BEDA-81C964E7F189}.Release|x64.Build.0 = Release|Any CPU
		{1AF6EE1C-6395-4C61-BEDA-81C964E7F189}.Release|x86.ActiveCfg = Release|Any CPU
		{1AF6EE1C-6395-4C61-BEDA-81C964E7F189}.Release|x86.Build.0 = Release|Any CPU
		{7628C1E6-DCB2-4227-A2BD-EE612CBA40EA}.Debug|Any CPU.ActiveCfg = Debug|Any CPU
		{7628C1E6-DCB2-4227-A2BD-EE612CBA40EA}.Debug|Any CPU.Build.0 = Debug|Any CPU
		{7628C1E6-DCB2-4227-A2BD-EE612CBA40EA}.Debug|x64.ActiveCfg = Debug|Any CPU
		{7628C1E6-DCB2-4227-A2BD-EE612CBA40EA}.Debug|x64.Build.0 = Debug|Any CPU
		{7628C1E6-DCB2-4227-A2BD-EE612CBA40EA}.Debug|x86.ActiveCfg = Debug|Any CPU
		{7628C1E6-DCB2-4227-A2BD-EE612CBA40EA}.Debug|x86.Build.0 = Debug|Any CPU
		{7628C1E6-DCB2-4227-A2BD-EE612CBA40EA}.Release|Any CPU.ActiveCfg = Release|Any CPU
		{7628C1E6-DCB2-4227-A2BD-EE612CBA40EA}.Release|Any CPU.Build.0 = Release|Any CPU
		{7628C1E6-DCB2-4227-A2BD-EE612CBA40EA}.Release|x64.ActiveCfg = Release|Any CPU
		{7628C1E6-DCB2-4227-A2BD-EE612CBA40EA}.Release|x64.Build.0 = Release|Any CPU
		{7628C1E6-DCB2-4227-A2BD-EE612CBA40EA}.Release|x86.ActiveCfg = Release|Any CPU
		{7628C1E6-DCB2-4227-A2BD-EE612CBA40EA}.Release|x86.Build.0 = Release|Any CPU
	EndGlobalSection
EndGlobal
